# This file is automatically @generated by Poetry and should not be changed by hand.

[[package]]
name = "asyncio-dgram"
version = "2.1.2"
description = "Higher level Datagram support for Asyncio"
category = "main"
optional = false
python-versions = ">=3.5"
files = [
    {file = "asyncio-dgram-2.1.2.tar.gz", hash = "sha256:bc28a90bc0523009fb0da16ca983c1400ff403a315754d86e037910563697f91"},
    {file = "asyncio_dgram-2.1.2-py3-none-any.whl", hash = "sha256:9ef55fc760f93c8212709329a1e28a1cf1c1f0fc8222f1be0227c2b7606a10a2"},
]

[package.extras]
test = ["black (>=20.8b1)", "flake8 (>=3.8.3)", "mypy (>=0.812)", "mypy-extensions (>=0.4.3)", "pytest (>=5.4.3)", "pytest-asyncio (>=0.14.0)", "typed-ast (>=1.4.3)", "typing-extensions (>=3.10.0.0)"]

[[package]]
name = "dnspython"
version = "2.2.1"
description = "DNS toolkit"
category = "main"
optional = false
python-versions = ">=3.6,<4.0"
files = [
    {file = "dnspython-2.2.1-py3-none-any.whl", hash = "sha256:a851e51367fb93e9e1361732c1d60dab63eff98712e503ea7d92e6eccb109b4f"},
    {file = "dnspython-2.2.1.tar.gz", hash = "sha256:0f7569a4a6ff151958b64304071d370daa3243d15941a7beedf0c9fe5105603e"},
]

[package.extras]
curio = ["curio (>=1.2,<2.0)", "sniffio (>=1.1,<2.0)"]
dnssec = ["cryptography (>=2.6,<37.0)"]
doh = ["h2 (>=4.1.0)", "httpx (>=0.21.1)", "requests (>=2.23.0,<3.0.0)", "requests-toolbelt (>=0.9.1,<0.10.0)"]
idna = ["idna (>=2.1,<4.0)"]
trio = ["trio (>=0.14,<0.20)"]
wmi = ["wmi (>=1.5.1,<2.0.0)"]

[[package]]
name = "dramatiq"
version = "1.14.1"
description = "Background Processing for Python 3."
category = "main"
optional = false
python-versions = ">=3.7"
files = [
    {file = "dramatiq-1.14.1-py3-none-any.whl", hash = "sha256:8a27fbee4b0b4139edf1d87717c49fe4138c233247fd43ab9e39c4313eedb8fa"},
    {file = "dramatiq-1.14.1.tar.gz", hash = "sha256:cfef1a45ffa7d6c3d2571413658429742a74c3d7503c7ca69b376bd2fb60958d"},
]

[package.dependencies]
prometheus-client = ">=0.2"

[package.extras]
all = ["gevent (>=1.1)", "pika (>=1.0,<2.0)", "pylibmc (>=1.5,<2.0)", "redis (>=2.0,<5.0)", "watchdog", "watchdog-gevent"]
dev = ["alabaster", "bumpversion", "flake8", "flake8-bugbear", "flake8-quotes", "gevent (>=1.1)", "hiredis", "isort", "pika (>=1.0,<2.0)", "pylibmc (>=1.5,<2.0)", "pytest", "pytest-benchmark[histogram]", "pytest-cov", "redis (>=2.0,<5.0)", "sphinx (<1.8)", "sphinxcontrib-napoleon", "tox", "twine", "watchdog", "watchdog-gevent", "wheel"]
gevent = ["gevent (>=1.1)"]
memcached = ["pylibmc (>=1.5,<2.0)"]
rabbitmq = ["pika (>=1.0,<2.0)"]
redis = ["redis (>=2.0,<5.0)"]
watch = ["watchdog", "watchdog-gevent"]

[[package]]
name = "mcstatus"
version = "10.0.1"
description = "A library to query Minecraft Servers for their status and capabilities."
category = "main"
optional = false
python-versions = ">=3.8,<4"
files = [
    {file = "mcstatus-10.0.1-py3-none-any.whl", hash = "sha256:7479a63d43d8215eee9919721e775b1a84c4a651bb774d016c2c75ae1f6b1ba1"},
    {file = "mcstatus-10.0.1.tar.gz", hash = "sha256:605ac63624b79edec94edcdf65c3135c828b017aa864b8ed495c8db19d93da50"},
]

[package.dependencies]
asyncio-dgram = "2.1.2"
dnspython = "2.2.1"

[[package]]
name = "prometheus-client"
version = "0.15.0"
description = "Python client for the Prometheus monitoring system."
category = "main"
optional = false
python-versions = ">=3.6"
files = [
    {file = "prometheus_client-0.15.0-py3-none-any.whl", hash = "sha256:db7c05cbd13a0f79975592d112320f2605a325969b270a94b71dcabc47b931d2"},
    {file = "prometheus_client-0.15.0.tar.gz", hash = "sha256:be26aa452490cfcf6da953f9436e95a9f2b4d578ca80094b4458930e5f584ab1"},
]

[package.extras]
twisted = ["twisted"]

[metadata]
lock-version = "2.0"
python-versions = "^3.8"
content-hash = "80e0082f4931072a1c6f7673e08a9c185cd02750182493ca33a15dae53a96f55"
